// !$*UTF8*$!
{
	archiveVersion = 1;
	classes = {
	};
	objectVersion = 51;
	objects = {

/* Begin PBXBuildFile section */
		8B14C02122DAF4C400B30396 /* AppDelegate.swift in Sources */ = {isa = PBXBuildFile; fileRef = 8B14C02022DAF4C400B30396 /* AppDelegate.swift */; };
		8B14C02322DAF4C400B30396 /* ViewController.swift in Sources */ = {isa = PBXBuildFile; fileRef = 8B14C02222DAF4C400B30396 /* ViewController.swift */; };
		8B14C02622DAF4C400B30396 /* Main.storyboard in Resources */ = {isa = PBXBuildFile; fileRef = 8B14C02422DAF4C400B30396 /* Main.storyboard */; };
		8B14C02822DAF4C600B30396 /* Assets.xcassets in Resources */ = {isa = PBXBuildFile; fileRef = 8B14C02722DAF4C600B30396 /* Assets.xcassets */; };
		8B14C02B22DAF4C600B30396 /* LaunchScreen.storyboard in Resources */ = {isa = PBXBuildFile; fileRef = 8B14C02922DAF4C600B30396 /* LaunchScreen.storyboard */; };
		8B14C03422DBFD4A00B30396 /* NetworkService.swift in Sources */ = {isa = PBXBuildFile; fileRef = 8B14C03322DBFD4A00B30396 /* NetworkService.swift */; };
		8B14C03722DBFEC000B30396 /* PrintHelper.swift in Sources */ = {isa = PBXBuildFile; fileRef = 8B14C03622DBFEC000B30396 /* PrintHelper.swift */; };
		8B14C03922DC004A00B30396 /* Dictionary+Extension.swift in Sources */ = {isa = PBXBuildFile; fileRef = 8B14C03822DC004A00B30396 /* Dictionary+Extension.swift */; };
		8B14C03B22DC2E2F00B30396 /* EventsApi.swift in Sources */ = {isa = PBXBuildFile; fileRef = 8B14C03A22DC2E2F00B30396 /* EventsApi.swift */; };
		8B14C03D22DC4F8000B30396 /* NetworkSupport.swift in Sources */ = {isa = PBXBuildFile; fileRef = 8B14C03C22DC4F8000B30396 /* NetworkSupport.swift */; };
		8B14C03F22DC538900B30396 /* DataCache.swift in Sources */ = {isa = PBXBuildFile; fileRef = 8B14C03E22DC538900B30396 /* DataCache.swift */; };
		8B14C04122DC596C00B30396 /* Endpoint.swift in Sources */ = {isa = PBXBuildFile; fileRef = 8B14C04022DC596C00B30396 /* Endpoint.swift */; };
		8B14C04322DC738B00B30396 /* Router.swift in Sources */ = {isa = PBXBuildFile; fileRef = 8B14C04222DC738B00B30396 /* Router.swift */; };
		8B14C04622DCB70300B30396 /* ModelEventType.swift in Sources */ = {isa = PBXBuildFile; fileRef = 8B14C04522DCB70300B30396 /* ModelEventType.swift */; };
		8B14C04822DCB74400B30396 /* ModelEvent.swift in Sources */ = {isa = PBXBuildFile; fileRef = 8B14C04722DCB74400B30396 /* ModelEvent.swift */; };
		A8E3EE2EC9391DF0BA37AAC4 /* Pods_Events.framework in Frameworks */ = {isa = PBXBuildFile; fileRef = 6915D23A4F30EF54D69014DB /* Pods_Events.framework */; };
/* End PBXBuildFile section */

/* Begin PBXFileReference section */
		33F0EF4AF60C27BA589BC449 /* Pods-Events.debug.xcconfig */ = {isa = PBXFileReference; includeInIndex = 1; lastKnownFileType = text.xcconfig; name = "Pods-Events.debug.xcconfig"; path = "Target Support Files/Pods-Events/Pods-Events.debug.xcconfig"; sourceTree = "<group>"; };
		6915D23A4F30EF54D69014DB /* Pods_Events.framework */ = {isa = PBXFileReference; explicitFileType = wrapper.framework; includeInIndex = 0; path = Pods_Events.framework; sourceTree = BUILT_PRODUCTS_DIR; };
		7C0F59BF400081499AE1404C /* Pods-Events.release.xcconfig */ = {isa = PBXFileReference; includeInIndex = 1; lastKnownFileType = text.xcconfig; name = "Pods-Events.release.xcconfig"; path = "Target Support Files/Pods-Events/Pods-Events.release.xcconfig"; sourceTree = "<group>"; };
		8B14C01D22DAF4C400B30396 /* Events.app */ = {isa = PBXFileReference; explicitFileType = wrapper.application; includeInIndex = 0; path = Events.app; sourceTree = BUILT_PRODUCTS_DIR; };
		8B14C02022DAF4C400B30396 /* AppDelegate.swift */ = {isa = PBXFileReference; lastKnownFileType = sourcecode.swift; path = AppDelegate.swift; sourceTree = "<group>"; };
		8B14C02222DAF4C400B30396 /* ViewController.swift */ = {isa = PBXFileReference; lastKnownFileType = sourcecode.swift; path = ViewController.swift; sourceTree = "<group>"; };
		8B14C02522DAF4C400B30396 /* Base */ = {isa = PBXFileReference; lastKnownFileType = file.storyboard; name = Base; path = Base.lproj/Main.storyboard; sourceTree = "<group>"; };
		8B14C02722DAF4C600B30396 /* Assets.xcassets */ = {isa = PBXFileReference; lastKnownFileType = folder.assetcatalog; path = Assets.xcassets; sourceTree = "<group>"; };
		8B14C02A22DAF4C600B30396 /* Base */ = {isa = PBXFileReference; lastKnownFileType = file.storyboard; name = Base; path = Base.lproj/LaunchScreen.storyboard; sourceTree = "<group>"; };
		8B14C02C22DAF4C600B30396 /* Info.plist */ = {isa = PBXFileReference; lastKnownFileType = text.plist.xml; path = Info.plist; sourceTree = "<group>"; };
		8B14C03322DBFD4A00B30396 /* NetworkService.swift */ = {isa = PBXFileReference; lastKnownFileType = sourcecode.swift; path = NetworkService.swift; sourceTree = "<group>"; };
		8B14C03622DBFEC000B30396 /* PrintHelper.swift */ = {isa = PBXFileReference; lastKnownFileType = sourcecode.swift; path = PrintHelper.swift; sourceTree = "<group>"; };
		8B14C03822DC004A00B30396 /* Dictionary+Extension.swift */ = {isa = PBXFileReference; lastKnownFileType = sourcecode.swift; path = "Dictionary+Extension.swift"; sourceTree = "<group>"; };
		8B14C03A22DC2E2F00B30396 /* EventsApi.swift */ = {isa = PBXFileReference; lastKnownFileType = sourcecode.swift; path = EventsApi.swift; sourceTree = "<group>"; };
		8B14C03C22DC4F8000B30396 /* NetworkSupport.swift */ = {isa = PBXFileReference; lastKnownFileType = sourcecode.swift; path = NetworkSupport.swift; sourceTree = "<group>"; };
		8B14C03E22DC538900B30396 /* DataCache.swift */ = {isa = PBXFileReference; lastKnownFileType = sourcecode.swift; path = DataCache.swift; sourceTree = "<group>"; };
		8B14C04022DC596C00B30396 /* Endpoint.swift */ = {isa = PBXFileReference; lastKnownFileType = sourcecode.swift; path = Endpoint.swift; sourceTree = "<group>"; };
		8B14C04222DC738B00B30396 /* Router.swift */ = {isa = PBXFileReference; lastKnownFileType = sourcecode.swift; path = Router.swift; sourceTree = "<group>"; };
		8B14C04522DCB70300B30396 /* ModelEventType.swift */ = {isa = PBXFileReference; lastKnownFileType = sourcecode.swift; path = ModelEventType.swift; sourceTree = "<group>"; };
		8B14C04722DCB74400B30396 /* ModelEvent.swift */ = {isa = PBXFileReference; lastKnownFileType = sourcecode.swift; path = ModelEvent.swift; sourceTree = "<group>"; };
/* End PBXFileReference section */

/* Begin PBXFrameworksBuildPhase section */
		8B14C01A22DAF4C400B30396 /* Frameworks */ = {
			isa = PBXFrameworksBuildPhase;
			buildActionMask = 2147483647;
			files = (
				A8E3EE2EC9391DF0BA37AAC4 /* Pods_Events.framework in Frameworks */,
			);
			runOnlyForDeploymentPostprocessing = 0;
		};
/* End PBXFrameworksBuildPhase section */

/* Begin PBXGroup section */
		30342C3D6ADBAEFD3CC5CE7A /* Pods */ = {
			isa = PBXGroup;
			children = (
				33F0EF4AF60C27BA589BC449 /* Pods-Events.debug.xcconfig */,
				7C0F59BF400081499AE1404C /* Pods-Events.release.xcconfig */,
			);
			path = Pods;
			sourceTree = "<group>";
		};
		8B14C01422DAF4C400B30396 = {
			isa = PBXGroup;
			children = (
				8B14C01F22DAF4C400B30396 /* Events */,
				8B14C01E22DAF4C400B30396 /* Products */,
				30342C3D6ADBAEFD3CC5CE7A /* Pods */,
				E8DF98596C922A24BB75FC5D /* Frameworks */,
			);
			sourceTree = "<group>";
		};
		8B14C01E22DAF4C400B30396 /* Products */ = {
			isa = PBXGroup;
			children = (
				8B14C01D22DAF4C400B30396 /* Events.app */,
			);
			name = Products;
			sourceTree = "<group>";
		};
		8B14C01F22DAF4C400B30396 /* Events */ = {
			isa = PBXGroup;
			children = (
				8B14C04422DCB6BD00B30396 /* Models */,
				8B14C03522DBFEAE00B30396 /* Support */,
				8B14C03222DBFCC400B30396 /* Network */,
				8B14C02022DAF4C400B30396 /* AppDelegate.swift */,
				8B14C02222DAF4C400B30396 /* ViewController.swift */,
				8B14C02422DAF4C400B30396 /* Main.storyboard */,
				8B14C02722DAF4C600B30396 /* Assets.xcassets */,
				8B14C02922DAF4C600B30396 /* LaunchScreen.storyboard */,
				8B14C02C22DAF4C600B30396 /* Info.plist */,
			);
			path = Events;
			sourceTree = "<group>";
		};
		8B14C03222DBFCC400B30396 /* Network */ = {
			isa = PBXGroup;
			children = (
				8B14C03322DBFD4A00B30396 /* NetworkService.swift */,
				8B14C03A22DC2E2F00B30396 /* EventsApi.swift */,
				8B14C03C22DC4F8000B30396 /* NetworkSupport.swift */,
				8B14C03E22DC538900B30396 /* DataCache.swift */,
				8B14C04022DC596C00B30396 /* Endpoint.swift */,
				8B14C04222DC738B00B30396 /* Router.swift */,
			);
			path = Network;
			sourceTree = "<group>";
		};
		8B14C03522DBFEAE00B30396 /* Support */ = {
			isa = PBXGroup;
			children = (
				8B14C03622DBFEC000B30396 /* PrintHelper.swift */,
				8B14C03822DC004A00B30396 /* Dictionary+Extension.swift */,
			);
			path = Support;
			sourceTree = "<group>";
		};
		8B14C04422DCB6BD00B30396 /* Models */ = {
			isa = PBXGroup;
			children = (
				8B14C04522DCB70300B30396 /* ModelEventType.swift */,
				8B14C04722DCB74400B30396 /* ModelEvent.swift */,
			);
			path = Models;
			sourceTree = "<group>";
		};
		E8DF98596C922A24BB75FC5D /* Frameworks */ = {
			isa = PBXGroup;
			children = (
				6915D23A4F30EF54D69014DB /* Pods_Events.framework */,
			);
			name = Frameworks;
			sourceTree = "<group>";
		};
/* End PBXGroup section */

/* Begin PBXNativeTarget section */
		8B14C01C22DAF4C400B30396 /* Events */ = {
			isa = PBXNativeTarget;
			buildConfigurationList = 8B14C02F22DAF4C600B30396 /* Build configuration list for PBXNativeTarget "Events" */;
			buildPhases = (
				C347B9A5165A7FE24ABCBAE1 /* [CP] Check Pods Manifest.lock */,
				8B14C01922DAF4C400B30396 /* Sources */,
				8B14C01A22DAF4C400B30396 /* Frameworks */,
				8B14C01B22DAF4C400B30396 /* Resources */,
				D7A6D009AE14909062DCA41F /* [CP] Embed Pods Frameworks */,
			);
			buildRules = (
			);
			dependencies = (
			);
			name = Events;
			productName = Events;
			productReference = 8B14C01D22DAF4C400B30396 /* Events.app */;
			productType = "com.apple.product-type.application";
		};
/* End PBXNativeTarget section */

/* Begin PBXProject section */
		8B14C01522DAF4C400B30396 /* Project object */ = {
			isa = PBXProject;
			attributes = {
				LastSwiftUpdateCheck = 1020;
				LastUpgradeCheck = 1020;
				ORGANIZATIONNAME = MohamedHelmy;
				TargetAttributes = {
					8B14C01C22DAF4C400B30396 = {
						CreatedOnToolsVersion = 10.2.1;
					};
				};
			};
			buildConfigurationList = 8B14C01822DAF4C400B30396 /* Build configuration list for PBXProject "Events" */;
			compatibilityVersion = "Xcode 9.3";
			developmentRegion = en;
			hasScannedForEncodings = 0;
			knownRegions = (
				en,
				Base,
			);
			mainGroup = 8B14C01422DAF4C400B30396;
			productRefGroup = 8B14C01E22DAF4C400B30396 /* Products */;
			projectDirPath = "";
			projectRoot = "";
			targets = (
				8B14C01C22DAF4C400B30396 /* Events */,
			);
		};
/* End PBXProject section */

/* Begin PBXResourcesBuildPhase section */
		8B14C01B22DAF4C400B30396 /* Resources */ = {
			isa = PBXResourcesBuildPhase;
			buildActionMask = 2147483647;
			files = (
				8B14C02B22DAF4C600B30396 /* LaunchScreen.storyboard in Resources */,
				8B14C02822DAF4C600B30396 /* Assets.xcassets in Resources */,
				8B14C02622DAF4C400B30396 /* Main.storyboard in Resources */,
			);
			runOnlyForDeploymentPostprocessing = 0;
		};
/* End PBXResourcesBuildPhase section */

/* Begin PBXShellScriptBuildPhase section */
		C347B9A5165A7FE24ABCBAE1 /* [CP] Check Pods Manifest.lock */ = {
			isa = PBXShellScriptBuildPhase;
			buildActionMask = 2147483647;
			files = (
			);
			inputFileListPaths = (
			);
			inputPaths = (
				"${PODS_PODFILE_DIR_PATH}/Podfile.lock",
				"${PODS_ROOT}/Manifest.lock",
			);
			name = "[CP] Check Pods Manifest.lock";
			outputFileListPaths = (
			);
			outputPaths = (
				"$(DERIVED_FILE_DIR)/Pods-Events-checkManifestLockResult.txt",
			);
			runOnlyForDeploymentPostprocessing = 0;
			shellPath = /bin/sh;
			shellScript = "diff \"${PODS_PODFILE_DIR_PATH}/Podfile.lock\" \"${PODS_ROOT}/Manifest.lock\" > /dev/null\nif [ $? != 0 ] ; then\n    # print error to STDERR\n    echo \"error: The sandbox is not in sync with the Podfile.lock. Run 'pod install' or update your CocoaPods installation.\" >&2\n    exit 1\nfi\n# This output is used by Xcode 'outputs' to avoid re-running this script phase.\necho \"SUCCESS\" > \"${SCRIPT_OUTPUT_FILE_0}\"\n";
			showEnvVarsInLog = 0;
		};
		D7A6D009AE14909062DCA41F /* [CP] Embed Pods Frameworks */ = {
			isa = PBXShellScriptBuildPhase;
			buildActionMask = 2147483647;
			files = (
			);
			inputFileListPaths = (
				"${PODS_ROOT}/Target Support Files/Pods-Events/Pods-Events-frameworks-${CONFIGURATION}-input-files.xcfilelist",
			);
			name = "[CP] Embed Pods Frameworks";
			outputFileListPaths = (
				"${PODS_ROOT}/Target Support Files/Pods-Events/Pods-Events-frameworks-${CONFIGURATION}-output-files.xcfilelist",
			);
			runOnlyForDeploymentPostprocessing = 0;
			shellPath = /bin/sh;
			shellScript = "\"${PODS_ROOT}/Target Support Files/Pods-Events/Pods-Events-frameworks.sh\"\n";
			showEnvVarsInLog = 0;
		};
/* End PBXShellScriptBuildPhase section */

/* Begin PBXSourcesBuildPhase section */
		8B14C01922DAF4C400B30396 /* Sources */ = {
			isa = PBXSourcesBuildPhase;
			buildActionMask = 2147483647;
			files = (
				8B14C03F22DC538900B30396 /* DataCache.swift in Sources */,
				8B14C04122DC596C00B30396 /* Endpoint.swift in Sources */,
				8B14C04822DCB74400B30396 /* ModelEvent.swift in Sources */,
				8B14C04322DC738B00B30396 /* Router.swift in Sources */,
				8B14C04622DCB70300B30396 /* ModelEventType.swift in Sources */,
				8B14C03D22DC4F8000B30396 /* NetworkSupport.swift in Sources */,
				8B14C02322DAF4C400B30396 /* ViewController.swift in Sources */,
				8B14C03B22DC2E2F00B30396 /* EventsApi.swift in Sources */,
				8B14C03722DBFEC000B30396 /* PrintHelper.swift in Sources */,
				8B14C03422DBFD4A00B30396 /* NetworkService.swift in Sources */,
				8B14C02122DAF4C400B30396 /* AppDelegate.swift in Sources */,
				8B14C03922DC004A00B30396 /* Dictionary+Extension.swift in Sources */,
			);
			runOnlyForDeploymentPostprocessing = 0;
		};
/* End PBXSourcesBuildPhase section */

/* Begin PBXVariantGroup section */
		8B14C02422DAF4C400B30396 /* Main.storyboard */ = {
			isa = PBXVariantGroup;
			children = (
				8B14C02522DAF4C400B30396 /* Base */,
			);
			name = Main.storyboard;
			sourceTree = "<group>";
		};
		8B14C02922DAF4C600B30396 /* LaunchScreen.storyboard */ = {
			isa = PBXVariantGroup;
			children = (
				8B14C02A22DAF4C600B30396 /* Base */,
			);
			name = LaunchScreen.storyboard;
			sourceTree = "<group>";
		};
/* End PBXVariantGroup section */

/* Begin XCBuildConfiguration section */
		8B14C02D22DAF4C600B30396 /* Debug */ = {
			isa = XCBuildConfiguration;
			buildSettings = {
				ALWAYS_SEARCH_USER_PATHS = NO;
				CLANG_ANALYZER_NONNULL = YES;
				CLANG_ANALYZER_NUMBER_OBJECT_CONVERSION = YES_AGGRESSIVE;
				CLANG_CXX_LANGUAGE_STANDARD = "gnu++14";
				CLANG_CXX_LIBRARY = "libc++";
				CLANG_ENABLE_MODULES = YES;
				CLANG_ENABLE_OBJC_ARC = YES;
				CLANG_ENABLE_OBJC_WEAK = YES;
				CLANG_WARN_BLOCK_CAPTURE_AUTORELEASING = YES;
				CLANG_WARN_BOOL_CONVERSION = YES;
				CLANG_WARN_COMMA = YES;
				CLANG_WARN_CONSTANT_CONVERSION = YES;
				CLANG_WARN_DEPRECATED_OBJC_IMPLEMENTATIONS = YES;
				CLANG_WARN_DIRECT_OBJC_ISA_USAGE = YES_ERROR;
				CLANG_WARN_DOCUMENTATION_COMMENTS = YES;
				CLANG_WARN_EMPTY_BODY = YES;
				CLANG_WARN_ENUM_CONVERSION = YES;
				CLANG_WARN_INFINITE_RECURSION = YES;
				CLANG_WARN_INT_CONVERSION = YES;
				CLANG_WARN_NON_LITERAL_NULL_CONVERSION = YES;
				CLANG_WARN_OBJC_IMPLICIT_RETAIN_SELF = YES;
				CLANG_WARN_OBJC_LITERAL_CONVERSION = YES;
				CLANG_WARN_OBJC_ROOT_CLASS = YES_ERROR;
				CLANG_WARN_RANGE_LOOP_ANALYSIS = YES;
				CLANG_WARN_STRICT_PROTOTYPES = YES;
				CLANG_WARN_SUSPICIOUS_MOVE = YES;
				CLANG_WARN_UNGUARDED_AVAILABILITY = YES_AGGRESSIVE;
				CLANG_WARN_UNREACHABLE_CODE = YES;
				CLANG_WARN__DUPLICATE_METHOD_MATCH = YES;
				CODE_SIGN_IDENTITY = "iPhone Developer";
				COPY_PHASE_STRIP = NO;
				DEBUG_INFORMATION_FORMAT = dwarf;
				ENABLE_STRICT_OBJC_MSGSEND = YES;
				ENABLE_TESTABILITY = YES;
				GCC_C_LANGUAGE_STANDARD = gnu11;
				GCC_DYNAMIC_NO_PIC = NO;
				GCC_NO_COMMON_BLOCKS = YES;
				GCC_OPTIMIZATION_LEVEL = 0;
				GCC_PREPROCESSOR_DEFINITIONS = (
					"DEBUG=1",
					"$(inherited)",
				);
				GCC_WARN_64_TO_32_BIT_CONVERSION = YES;
				GCC_WARN_ABOUT_RETURN_TYPE = YES_ERROR;
				GCC_WARN_UNDECLARED_SELECTOR = YES;
				GCC_WARN_UNINITIALIZED_AUTOS = YES_AGGRESSIVE;
				GCC_WARN_UNUSED_FUNCTION = YES;
				GCC_WARN_UNUSED_VARIABLE = YES;
				IPHONEOS_DEPLOYMENT_TARGET = 12.2;
				MTL_ENABLE_DEBUG_INFO = INCLUDE_SOURCE;
				MTL_FAST_MATH = YES;
				ONLY_ACTIVE_ARCH = YES;
				SDKROOT = iphoneos;
				SWIFT_ACTIVE_COMPILATION_CONDITIONS = DEBUG;
				SWIFT_OPTIMIZATION_LEVEL = "-Onone";
			};
			name = Debug;
		};
		8B14C02E22DAF4C600B30396 /* Release */ = {
			isa = XCBuildConfiguration;
			buildSettings = {
				ALWAYS_SEARCH_USER_PATHS = NO;
				CLANG_ANALYZER_NONNULL = YES;
				CLANG_ANALYZER_NUMBER_OBJECT_CONVERSION = YES_AGGRESSIVE;
				CLANG_CXX_LANGUAGE_STANDARD = "gnu++14";
				CLANG_CXX_LIBRARY = "libc++";
				CLANG_ENABLE_MODULES = YES;
				CLANG_ENABLE_OBJC_ARC = YES;
				CLANG_ENABLE_OBJC_WEAK = YES;
				CLANG_WARN_BLOCK_CAPTURE_AUTORELEASING = YES;
				CLANG_WARN_BOOL_CONVERSION = YES;
				CLANG_WARN_COMMA = YES;
				CLANG_WARN_CONSTANT_CONVERSION = YES;
				CLANG_WARN_DEPRECATED_OBJC_IMPLEMENTATIONS = YES;
				CLANG_WARN_DIRECT_OBJC_ISA_USAGE = YES_ERROR;
				CLANG_WARN_DOCUMENTATION_COMMENTS = YES;
				CLANG_WARN_EMPTY_BODY = YES;
				CLANG_WARN_ENUM_CONVERSION = YES;
				CLANG_WARN_INFINITE_RECURSION = YES;
				CLANG_WARN_INT_CONVERSION = YES;
				CLANG_WARN_NON_LITERAL_NULL_CONVERSION = YES;
				CLANG_WARN_OBJC_IMPLICIT_RETAIN_SELF = YES;
				CLANG_WARN_OBJC_LITERAL_CONVERSION = YES;
				CLANG_WARN_OBJC_ROOT_CLASS = YES_ERROR;
				CLANG_WARN_RANGE_LOOP_ANALYSIS = YES;
				CLANG_WARN_STRICT_PROTOTYPES = YES;
				CLANG_WARN_SUSPICIOUS_MOVE = YES;
				CLANG_WARN_UNGUARDED_AVAILABILITY = YES_AGGRESSIVE;
				CLANG_WARN_UNREACHABLE_CODE = YES;
				CLANG_WARN__DUPLICATE_METHOD_MATCH = YES;
				CODE_SIGN_IDENTITY = "iPhone Developer";
				COPY_PHASE_STRIP = NO;
				DEBUG_INFORMATION_FORMAT = "dwarf-with-dsym";
				ENABLE_NS_ASSERTIONS = NO;
				ENABLE_STRICT_OBJC_MSGSEND = YES;
				GCC_C_LANGUAGE_STANDARD = gnu11;
				GCC_NO_COMMON_BLOCKS = YES;
				GCC_WARN_64_TO_32_BIT_CONVERSION = YES;
				GCC_WARN_ABOUT_RETURN_TYPE = YES_ERROR;
				GCC_WARN_UNDECLARED_SELECTOR = YES;
				GCC_WARN_UNINITIALIZED_AUTOS = YES_AGGRESSIVE;
				GCC_WARN_UNUSED_FUNCTION = YES;
				GCC_WARN_UNUSED_VARIABLE = YES;
				IPHONEOS_DEPLOYMENT_TARGET = 12.2;
				MTL_ENABLE_DEBUG_INFO = NO;
				MTL_FAST_MATH = YES;
				SDKROOT = iphoneos;
				SWIFT_COMPILATION_MODE = wholemodule;
				SWIFT_OPTIMIZATION_LEVEL = "-O";
				VALIDATE_PRODUCT = YES;
			};
			name = Release;
		};
		8B14C03022DAF4C600B30396 /* Debug */ = {
			isa = XCBuildConfiguration;
			baseConfigurationReference = 33F0EF4AF60C27BA589BC449 /* Pods-Events.debug.xcconfig */;
			buildSettings = {
				ASSETCATALOG_COMPILER_APPICON_NAME = AppIcon;
				CODE_SIGN_STYLE = Automatic;
				DEVELOPMENT_TEAM = 87Z245JJ6D;
				INFOPLIST_FILE = Events/Info.plist;
				LD_RUNPATH_SEARCH_PATHS = (
					"$(inherited)",
					"@executable_path/Frameworks",
				);
				PRODUCT_BUNDLE_IDENTIFIER = Helmy.Events;
				PRODUCT_NAME = "$(TARGET_NAME)";
				SWIFT_VERSION = 5.0;
				TARGETED_DEVICE_FAMILY = "1,2";
			};
			name = Debug;
		};
		8B14C03122DAF4C600B30396 /* Release */ = {
			isa = XCBuildConfiguration;
			baseConfigurationReference = 7C0F59BF400081499AE1404C /* Pods-Events.release.xcconfig */;
			buildSettings = {
				ASSETCATALOG_COMPILER_APPICON_NAME = AppIcon;
				CODE_SIGN_STYLE = Automatic;
				DEVELOPMENT_TEAM = 87Z245JJ6D;
				INFOPLIST_FILE = Events/Info.plist;
				LD_RUNPATH_SEARCH_PATHS = (
					"$(inherited)",
					"@executable_path/Frameworks",
				);
				PRODUCT_BUNDLE_IDENTIFIER = Helmy.Events;
				PRODUCT_NAME = "$(TARGET_NAME)";
				SWIFT_VERSION = 5.0;
				TARGETED_DEVICE_FAMILY = "1,2";
			};
			name = Release;
		};
/* End XCBuildConfiguration section */

/* Begin XCConfigurationList section */
		8B14C01822DAF4C400B30396 /* Build configuration list for PBXProject "Events" */ = {
			isa = XCConfigurationList;
			buildConfigurations = (
				8B14C02D22DAF4C600B30396 /* Debug */,
				8B14C02E22DAF4C600B30396 /* Release */,
			);
			defaultConfigurationIsVisible = 0;
			defaultConfigurationName = Release;
		};
		8B14C02F22DAF4C600B30396 /* Build configuration list for PBXNativeTarget "Events" */ = {
			isa = XCConfigurationList;
			buildConfigurations = (
				8B14C03022DAF4C600B30396 /* Debug */,
				8B14C03122DAF4C600B30396 /* Release */,
			);
			defaultConfigurationIsVisible = 0;
			defaultConfigurationName = Release;
		};
/* End XCConfigurationList section */
	};
	rootObject = 8B14C01522DAF4C400B30396 /* Project object */;
}
